Microsoft Visual Studio Solution File, Format Version 12.00
# Visual Studio 2012
Project("{2150E333-8FDC-42A3-9474-1A3956D46DE8}") = ".nuget", ".nuget", "{948C7EAA-CF03-48C3-B4AC-3ADFBAA44D14}"
	ProjectSection(SolutionItems) = preProject
		.nuget\NuGet.Config = .nuget\NuGet.Config
		.nuget\nuget.exe = .nuget\nuget.exe
		.nuget\NuGet.targets = .nuget\NuGet.targets
	EndProjectSection
EndProject
Project("{FAE04EC0-301F-11D3-BF4B-00C04F79EFBC}") = "DeltaEngine.Graphics", "Graphics\DeltaEngine.Graphics.csproj", "{8F701B0D-48B6-45CF-85E0-286BD53328BA}"
EndProject
Project("{FAE04EC0-301F-11D3-BF4B-00C04F79EFBC}") = "DeltaEngine.Platforms", "Platforms\DeltaEngine.Platforms.csproj", "{BAE8830E-5F62-48D6-B772-C4B1E8665FB3}"
EndProject
Project("{FAE04EC0-301F-11D3-BF4B-00C04F79EFBC}") = "DeltaEngine.Graphics.Tests", "Graphics\Tests\DeltaEngine.Graphics.Tests.csproj", "{B7E2C5AF-3EE2-4820-B2AE-62BC8D0FB7AC}"
EndProject
Project("{FAE04EC0-301F-11D3-BF4B-00C04F79EFBC}") = "DeltaEngine.Platforms.Tests", "Platforms\Tests\DeltaEngine.Platforms.Tests.csproj", "{D0AAD622-ED82-40E5-88A9-980EAFC12C16}"
EndProject
Project("{FAE04EC0-301F-11D3-BF4B-00C04F79EFBC}") = "DeltaEngine.Rendering2D", "Rendering2D\DeltaEngine.Rendering2D.csproj", "{BDDB4AA4-5D31-43B3-9A3B-BF3030EDE927}"
EndProject
Project("{FAE04EC0-301F-11D3-BF4B-00C04F79EFBC}") = "DeltaEngine.Rendering2D.Tests", "Rendering2D\Tests\DeltaEngine.Rendering2D.Tests.csproj", "{D24FD291-F379-4AA1-9C0E-D664EBBECBC9}"
EndProject
Project("{FAE04EC0-301F-11D3-BF4B-00C04F79EFBC}") = "DeltaEngine.Graphics.SharpDX", "Graphics\SharpDX\DeltaEngine.Graphics.SharpDX.csproj", "{9066595C-9E66-4631-A53A-28C2D22CFE53}"
EndProject
Project("{FAE04EC0-301F-11D3-BF4B-00C04F79EFBC}") = "DeltaEngine.WindowsSharpDX", "Platforms\WindowsSharpDX\DeltaEngine.WindowsSharpDX.csproj", "{05569371-855C-4667-8228-20491337C431}"
EndProject
Project("{FAE04EC0-301F-11D3-BF4B-00C04F79EFBC}") = "DeltaEngine.Platforms.Windows", "Platforms\Windows\DeltaEngine.Platforms.Windows.csproj", "{BD8A80E2-A313-437E-B0EF-FC0B066280A7}"
EndProject
Project("{FAE04EC0-301F-11D3-BF4B-00C04F79EFBC}") = "DeltaEngine.Input", "Input\DeltaEngine.Input.csproj", "{CC65E69E-FAFD-4C2B-85EB-5E57FD3AF847}"
EndProject
Project("{FAE04EC0-301F-11D3-BF4B-00C04F79EFBC}") = "DeltaEngine.Input.Tests", "Input\Tests\DeltaEngine.Input.Tests.csproj", "{92242E5E-5077-48B8-8D8B-AE7108C46FF9}"
EndProject
Project("{FAE04EC0-301F-11D3-BF4B-00C04F79EFBC}") = "DeltaEngine.Input.Windows", "Input\Windows\DeltaEngine.Input.Windows.csproj", "{C0D2430E-714D-476C-80E7-5C80A7FA68EE}"
EndProject
Project("{FAE04EC0-301F-11D3-BF4B-00C04F79EFBC}") = "DeltaEngine.Input.SharpDX", "Input\SharpDX\DeltaEngine.Input.SharpDX.csproj", "{9F4E86DD-9FDD-4C6B-8B28-19ED35C1D768}"
EndProject
Project("{FAE04EC0-301F-11D3-BF4B-00C04F79EFBC}") = "DeltaEngine.Multimedia.Tests", "Multimedia\Tests\DeltaEngine.Multimedia.Tests.csproj", "{D0C8456F-A4AC-4B6E-92AB-F71B0D19B01C}"
EndProject
Project("{FAE04EC0-301F-11D3-BF4B-00C04F79EFBC}") = "DeltaEngine.Multimedia.SharpDX", "Multimedia\SharpDX\DeltaEngine.Multimedia.SharpDX.csproj", "{7D6C8627-CF35-4E3F-A3FE-1600327437C7}"
EndProject
Project("{FAE04EC0-301F-11D3-BF4B-00C04F79EFBC}") = "DeltaEngine.Content.Xml", "Content\Xml\DeltaEngine.Content.Xml.csproj", "{138A40B5-3D80-4BA3-BD84-D82C151EE7FE}"
EndProject
Project("{FAE04EC0-301F-11D3-BF4B-00C04F79EFBC}") = "DeltaEngine.Content.Xml.Tests", "Content\Xml\Tests\DeltaEngine.Content.Xml.Tests.csproj", "{B528E84A-12F3-4981-B749-B3FE19937345}"
EndProject
Project("{FAE04EC0-301F-11D3-BF4B-00C04F79EFBC}") = "DeltaEngine.Networking", "Networking\DeltaEngine.Networking.csproj", "{5231706E-2955-43BF-9C06-291E12AF5C5C}"
EndProject
Project("{FAE04EC0-301F-11D3-BF4B-00C04F79EFBC}") = "DeltaEngine.Networking.Tests", "Networking\Tests\DeltaEngine.Networking.Tests.csproj", "{7C7FA004-D9FB-4B55-9E88-6FB8716B7A1F}"
EndProject
Project("{FAE04EC0-301F-11D3-BF4B-00C04F79EFBC}") = "DeltaEngine.Logging", "Logging\DeltaEngine.Logging.csproj", "{E4440567-3D5D-4670-AB49-8163B18E302E}"
EndProject
Project("{FAE04EC0-301F-11D3-BF4B-00C04F79EFBC}") = "DeltaEngine.Logging.Tests", "Logging\Tests\DeltaEngine.Logging.Tests.csproj", "{981FA2AC-78DC-4597-A2B3-63AE8502FDB2}"
EndProject
Project("{FAE04EC0-301F-11D3-BF4B-00C04F79EFBC}") = "DeltaEngine.Input.SharpDX.Tests", "Input\SharpDX\Tests\DeltaEngine.Input.SharpDX.Tests.csproj", "{B81DEDE2-E786-437E-A3AF-82AEBE0D6D25}"
EndProject
Project("{FAE04EC0-301F-11D3-BF4B-00C04F79EFBC}") = "DeltaEngine.Input.Windows.Tests", "Input\Windows\Tests\DeltaEngine.Input.Windows.Tests.csproj", "{C3675561-87CA-4BE1-BAD0-852308ADD851}"
EndProject
Project("{FAE04EC0-301F-11D3-BF4B-00C04F79EFBC}") = "DeltaEngine.Scenes", "Scenes\DeltaEngine.Scenes.csproj", "{75BB4C75-DE36-47B3-9910-10EA8E8973B7}"
EndProject
Project("{FAE04EC0-301F-11D3-BF4B-00C04F79EFBC}") = "DeltaEngine.Scenes.Tests", "Scenes\Tests\DeltaEngine.Scenes.Tests.csproj", "{E9A37628-13C4-467D-A802-D517A89920C3}"
EndProject
Project("{FAE04EC0-301F-11D3-BF4B-00C04F79EFBC}") = "DeltaEngine.Content.Online", "Content\Online\DeltaEngine.Content.Online.csproj", "{68AA6280-09EF-4325-B5F8-B8A967004144}"
EndProject
Project("{FAE04EC0-301F-11D3-BF4B-00C04F79EFBC}") = "DeltaEngine.Platforms.Mocks", "Platforms\Mocks\DeltaEngine.Platforms.Mocks.csproj", "{BF968F20-246B-4F86-BB7B-377FD4B47A9F}"
EndProject
Project("{FAE04EC0-301F-11D3-BF4B-00C04F79EFBC}") = "LogoApp", "Samples\LogoApp\LogoApp.csproj", "{B94B117E-1A32-40C6-A93D-FD7012ED8D12}"
EndProject
Project("{FAE04EC0-301F-11D3-BF4B-00C04F79EFBC}") = "DeltaEngine.TestWithSharpDX", "Platforms\TestWithSharpDX\DeltaEngine.TestWithSharpDX.csproj", "{6FC44240-845D-405A-A7F8-0AC465E30703}"
EndProject
Project("{FAE04EC0-301F-11D3-BF4B-00C04F79EFBC}") = "DeltaEngine", "DeltaEngine.csproj", "{20FA8D33-A964-4000-AD82-67BD6900793B}"
EndProject
Project("{FAE04EC0-301F-11D3-BF4B-00C04F79EFBC}") = "DeltaEngine.Tests", "Tests\DeltaEngine.Tests.csproj", "{17822284-7AE0-4C91-B444-CFECF4927A59}"
EndProject
Project("{FAE04EC0-301F-11D3-BF4B-00C04F79EFBC}") = "DeltaEngine.Content.Disk", "Content\Disk\DeltaEngine.Content.Disk.csproj", "{EE9847E1-9C76-4ACE-B531-D3EA84F7D741}"
EndProject
Project("{FAE04EC0-301F-11D3-BF4B-00C04F79EFBC}") = "DeltaEngine.Content.Disk.Tests", "Content\Disk\Tests\DeltaEngine.Content.Disk.Tests.csproj", "{AB05B30F-7DBB-4B5C-A7DA-70C215D85CA4}"
EndProject
Project("{FAE04EC0-301F-11D3-BF4B-00C04F79EFBC}") = "DeltaEngine.Content.Online.Tests", "Content\Online\Tests\DeltaEngine.Content.Online.Tests.csproj", "{5B62879D-6718-4384-B528-9A96D7EDC492}"
EndProject
Project("{FAE04EC0-301F-11D3-BF4B-00C04F79EFBC}") = "DeltaEngine.Content.Mocks", "Content\Mocks\DeltaEngine.Content.Mocks.csproj", "{BA0A7803-4A15-416E-BC93-69F5B9DFC4A5}"
EndProject
Project("{FAE04EC0-301F-11D3-BF4B-00C04F79EFBC}") = "DeltaEngine.Mocks", "Mocks\DeltaEngine.Mocks.csproj", "{A5F4EF37-7B5F-4AAE-BFF2-C2D04DB805F7}"
EndProject
Project("{FAE04EC0-301F-11D3-BF4B-00C04F79EFBC}") = "DeltaEngine.Graphics.Mocks", "Graphics\Mocks\DeltaEngine.Graphics.Mocks.csproj", "{F4D2EF4F-24F2-4D4A-BC93-78B0C5AD19A4}"
EndProject
Project("{FAE04EC0-301F-11D3-BF4B-00C04F79EFBC}") = "DeltaEngine.Networking.Mocks", "Networking\Mocks\DeltaEngine.Networking.Mocks.csproj", "{1797C45C-F96B-4F95-BAAC-400910CAB473}"
EndProject
Project("{FAE04EC0-301F-11D3-BF4B-00C04F79EFBC}") = "DeltaEngine.Input.Mocks", "Input\Mocks\DeltaEngine.Input.Mocks.csproj", "{4E4D006D-9C6E-47DB-908D-674E0C8D98AA}"
EndProject
Project("{FAE04EC0-301F-11D3-BF4B-00C04F79EFBC}") = "DeltaEngine.Multimedia.Mocks", "Multimedia\Mocks\DeltaEngine.Multimedia.Mocks.csproj", "{BC9EE416-ABEC-4B61-801D-EBB5C699CB5D}"
EndProject
Project("{FAE04EC0-301F-11D3-BF4B-00C04F79EFBC}") = "DeltaEngine.Networking.Messages", "Networking\Messages\DeltaEngine.Networking.Messages.csproj", "{74863E62-A568-4C0A-A37F-F04BFA8EB9DB}"
EndProject
Project("{FAE04EC0-301F-11D3-BF4B-00C04F79EFBC}") = "LogoApp.Tests", "Samples\LogoApp\Tests\LogoApp.Tests.csproj", "{25E1F71B-C9D0-4CCC-84A5-4E66A589A3CA}"
EndProject
Project("{FAE04EC0-301F-11D3-BF4B-00C04F79EFBC}") = "DeltaEngine.Multimedia.MusicStreams", "Multimedia\MusicStreams\DeltaEngine.Multimedia.MusicStreams.csproj", "{769F9D01-D4A1-4C85-9F11-F721CDFC94DC}"
EndProject
Project("{FAE04EC0-301F-11D3-BF4B-00C04F79EFBC}") = "DeltaEngine.Rendering2D.Fonts", "Rendering2D\Fonts\DeltaEngine.Rendering2D.Fonts.csproj", "{4A00FD90-FF7B-4250-9CBC-B6855130090B}"
EndProject
Project("{FAE04EC0-301F-11D3-BF4B-00C04F79EFBC}") = "DeltaEngine.Rendering2D.Shapes", "Rendering2D\Shapes\DeltaEngine.Rendering2D.Shapes.csproj", "{BB73D940-CBD2-4F00-B246-2A25CA5ACD7E}"
EndProject
Project("{FAE04EC0-301F-11D3-BF4B-00C04F79EFBC}") = "DeltaEngine.Rendering2D.Shapes.Tests", "Rendering2D\Shapes\Tests\DeltaEngine.Rendering2D.Shapes.Tests.csproj", "{ADCF2136-B5C7-422A-9D3A-E17CE906AED4}"
EndProject
Project("{FAE04EC0-301F-11D3-BF4B-00C04F79EFBC}") = "DeltaEngine.Rendering2D.Fonts.Tests", "Rendering2D\Fonts\Tests\DeltaEngine.Rendering2D.Fonts.Tests.csproj", "{75E03D31-12B1-446C-A8A1-92924568AC8E}"
EndProject
Project("{FAE04EC0-301F-11D3-BF4B-00C04F79EFBC}") = "DeltaEngine.Content.Tests", "Content\Tests\DeltaEngine.Content.Tests.csproj", "{D3E27AB6-D679-4FD2-A15C-F974FC73EBA0}"
EndProject
Project("{FAE04EC0-301F-11D3-BF4B-00C04F79EFBC}") = "DeltaEngine.Rendering2D.Mocks", "Rendering2D\Mocks\DeltaEngine.Rendering2D.Mocks.csproj", "{27C9A179-531F-41FB-8257-8396061C751B}"
EndProject
Project("{FAE04EC0-301F-11D3-BF4B-00C04F79EFBC}") = "DeltaEngine.Rendering2D.Particles", "Rendering2D\Particles\DeltaEngine.Rendering2D.Particles.csproj", "{BECE691C-BAC6-434B-B1F9-4D8653922585}"
EndProject
Project("{FAE04EC0-301F-11D3-BF4B-00C04F79EFBC}") = "DeltaEngine.Rendering2D.Particles.Tests", "Rendering2D\Particles\Tests\DeltaEngine.Rendering2D.Particles.Tests.csproj", "{1F1BD28D-3EB3-4102-9F7A-7D64D90CF676}"
EndProject
Project("{2150E333-8FDC-42A3-9474-1A3956D46DE8}") = "Scenes", "Scenes", "{50a503a3-97ff-41c6-bf88-a49e213fde4c}"
EndProject
Project("{2150E333-8FDC-42A3-9474-1A3956D46DE8}") = "Input", "Input", "{63b8f18c-9347-4b56-8164-26ed9557cdac}"
EndProject
Project("{2150E333-8FDC-42A3-9474-1A3956D46DE8}") = "Content", "Content", "{8c0636eb-6efa-4b89-a35a-361e7af42bf5}"
EndProject
Project("{2150E333-8FDC-42A3-9474-1A3956D46DE8}") = "Rendering2D", "Rendering2D", "{8f925676-e336-4ca0-a61e-da2367c64e78}"
EndProject
Project("{2150E333-8FDC-42A3-9474-1A3956D46DE8}") = "Logging", "Logging", "{a0201ec5-317e-4a7f-9fba-6ce57916df0e}"
EndProject
Project("{2150E333-8FDC-42A3-9474-1A3956D46DE8}") = "Graphics", "Graphics", "{a32626fe-fd93-4802-b9fd-3d643c027c7b}"
EndProject
Project("{2150E333-8FDC-42A3-9474-1A3956D46DE8}") = "Networking", "Networking", "{a58795c0-cfbc-4dda-bd36-fe33b795df4b}"
EndProject
Project("{2150E333-8FDC-42A3-9474-1A3956D46DE8}") = "Multimedia", "Multimedia", "{c0b5fc8f-7204-4589-aa9a-b7cb115bd1ab}"
EndProject
Project("{2150E333-8FDC-42A3-9474-1A3956D46DE8}") = "TestWithSharpDX", "TestWithSharpDX", "{d7740782-57fa-4201-b293-731afa8d2210}"
EndProject
Project("{2150E333-8FDC-42A3-9474-1A3956D46DE8}") = "Platforms", "Platforms", "{e8f1cdef-b319-4c8c-abb5-c79690ee0eed}"
EndProject
Project("{2150E333-8FDC-42A3-9474-1A3956D46DE8}") = "WindowsSharpDX", "WindowsSharpDX", "{eae64e8c-25d1-4400-a4a5-8c04972bd1c5}"
EndProject
Project("{2150E333-8FDC-42A3-9474-1A3956D46DE8}") = "Tests", "Tests", "{ef40f5ed-91ff-4acf-9b87-5b6a6ab4ec3b}"
EndProject
Project("{2150E333-8FDC-42A3-9474-1A3956D46DE8}") = "Mocks", "Mocks", "{f16b2c5d-4787-4a3d-a943-8db76b7774a0}"
EndProject
Global
	GlobalSection(SolutionConfigurationPlatforms) = preSolution
		Debug|Any CPU = Debug|Any CPU
		Release|Any CPU = Release|Any CPU
	EndGlobalSection
	GlobalSection(ProjectConfigurationPlatforms) = postSolution
		{8F701B0D-48B6-45CF-85E0-286BD53328BA}.Debug|Any CPU.ActiveCfg = Debug|Any CPU
		{8F701B0D-48B6-45CF-85E0-286BD53328BA}.Debug|Any CPU.Build.0 = Debug|Any CPU
		{8F701B0D-48B6-45CF-85E0-286BD53328BA}.Release|Any CPU.ActiveCfg = Release|Any CPU
		{8F701B0D-48B6-45CF-85E0-286BD53328BA}.Release|Any CPU.Build.0 = Release|Any CPU
		{BAE8830E-5F62-48D6-B772-C4B1E8665FB3}.Debug|Any CPU.ActiveCfg = Debug|Any CPU
		{BAE8830E-5F62-48D6-B772-C4B1E8665FB3}.Debug|Any CPU.Build.0 = Debug|Any CPU
		{BAE8830E-5F62-48D6-B772-C4B1E8665FB3}.Release|Any CPU.ActiveCfg = Release|Any CPU
		{BAE8830E-5F62-48D6-B772-C4B1E8665FB3}.Release|Any CPU.Build.0 = Release|Any CPU
		{B7E2C5AF-3EE2-4820-B2AE-62BC8D0FB7AC}.Debug|Any CPU.ActiveCfg = Debug|Any CPU
		{B7E2C5AF-3EE2-4820-B2AE-62BC8D0FB7AC}.Debug|Any CPU.Build.0 = Debug|Any CPU
		{B7E2C5AF-3EE2-4820-B2AE-62BC8D0FB7AC}.Release|Any CPU.ActiveCfg = Release|Any CPU
		{B7E2C5AF-3EE2-4820-B2AE-62BC8D0FB7AC}.Release|Any CPU.Build.0 = Release|Any CPU
		{D0AAD622-ED82-40E5-88A9-980EAFC12C16}.Debug|Any CPU.ActiveCfg = Debug|Any CPU
		{D0AAD622-ED82-40E5-88A9-980EAFC12C16}.Debug|Any CPU.Build.0 = Debug|Any CPU
		{D0AAD622-ED82-40E5-88A9-980EAFC12C16}.Release|Any CPU.ActiveCfg = Release|Any CPU
		{D0AAD622-ED82-40E5-88A9-980EAFC12C16}.Release|Any CPU.Build.0 = Release|Any CPU
		{BDDB4AA4-5D31-43B3-9A3B-BF3030EDE927}.Debug|Any CPU.ActiveCfg = Debug|Any CPU
		{BDDB4AA4-5D31-43B3-9A3B-BF3030EDE927}.Debug|Any CPU.Build.0 = Debug|Any CPU
		{BDDB4AA4-5D31-43B3-9A3B-BF3030EDE927}.Release|Any CPU.ActiveCfg = Release|Any CPU
		{BDDB4AA4-5D31-43B3-9A3B-BF3030EDE927}.Release|Any CPU.Build.0 = Release|Any CPU
		{D24FD291-F379-4AA1-9C0E-D664EBBECBC9}.Debug|Any CPU.ActiveCfg = Debug|Any CPU
		{D24FD291-F379-4AA1-9C0E-D664EBBECBC9}.Debug|Any CPU.Build.0 = Debug|Any CPU
		{D24FD291-F379-4AA1-9C0E-D664EBBECBC9}.Release|Any CPU.ActiveCfg = Release|Any CPU
		{D24FD291-F379-4AA1-9C0E-D664EBBECBC9}.Release|Any CPU.Build.0 = Release|Any CPU
		{9066595C-9E66-4631-A53A-28C2D22CFE53}.Debug|Any CPU.ActiveCfg = Debug|Any CPU
		{9066595C-9E66-4631-A53A-28C2D22CFE53}.Debug|Any CPU.Build.0 = Debug|Any CPU
		{9066595C-9E66-4631-A53A-28C2D22CFE53}.Release|Any CPU.ActiveCfg = Release|Any CPU
		{9066595C-9E66-4631-A53A-28C2D22CFE53}.Release|Any CPU.Build.0 = Release|Any CPU
		{05569371-855C-4667-8228-20491337C431}.Debug|Any CPU.ActiveCfg = Debug|Any CPU
		{05569371-855C-4667-8228-20491337C431}.Debug|Any CPU.Build.0 = Debug|Any CPU
		{05569371-855C-4667-8228-20491337C431}.Release|Any CPU.ActiveCfg = Release|Any CPU
		{05569371-855C-4667-8228-20491337C431}.Release|Any CPU.Build.0 = Release|Any CPU
		{BD8A80E2-A313-437E-B0EF-FC0B066280A7}.Debug|Any CPU.ActiveCfg = Debug|Any CPU
		{BD8A80E2-A313-437E-B0EF-FC0B066280A7}.Debug|Any CPU.Build.0 = Debug|Any CPU
		{BD8A80E2-A313-437E-B0EF-FC0B066280A7}.Release|Any CPU.ActiveCfg = Release|Any CPU
		{BD8A80E2-A313-437E-B0EF-FC0B066280A7}.Release|Any CPU.Build.0 = Release|Any CPU
		{CC65E69E-FAFD-4C2B-85EB-5E57FD3AF847}.Debug|Any CPU.ActiveCfg = Debug|Any CPU
		{CC65E69E-FAFD-4C2B-85EB-5E57FD3AF847}.Debug|Any CPU.Build.0 = Debug|Any CPU
		{CC65E69E-FAFD-4C2B-85EB-5E57FD3AF847}.Release|Any CPU.ActiveCfg = Release|Any CPU
		{CC65E69E-FAFD-4C2B-85EB-5E57FD3AF847}.Release|Any CPU.Build.0 = Release|Any CPU
		{92242E5E-5077-48B8-8D8B-AE7108C46FF9}.Debug|Any CPU.ActiveCfg = Debug|Any CPU
		{92242E5E-5077-48B8-8D8B-AE7108C46FF9}.Debug|Any CPU.Build.0 = Debug|Any CPU
		{92242E5E-5077-48B8-8D8B-AE7108C46FF9}.Release|Any CPU.ActiveCfg = Release|Any CPU
		{92242E5E-5077-48B8-8D8B-AE7108C46FF9}.Release|Any CPU.Build.0 = Release|Any CPU
		{C0D2430E-714D-476C-80E7-5C80A7FA68EE}.Debug|Any CPU.ActiveCfg = Debug|Any CPU
		{C0D2430E-714D-476C-80E7-5C80A7FA68EE}.Debug|Any CPU.Build.0 = Debug|Any CPU
		{C0D2430E-714D-476C-80E7-5C80A7FA68EE}.Release|Any CPU.ActiveCfg = Release|Any CPU
		{C0D2430E-714D-476C-80E7-5C80A7FA68EE}.Release|Any CPU.Build.0 = Release|Any CPU
		{9F4E86DD-9FDD-4C6B-8B28-19ED35C1D768}.Debug|Any CPU.ActiveCfg = Debug|Any CPU
		{9F4E86DD-9FDD-4C6B-8B28-19ED35C1D768}.Debug|Any CPU.Build.0 = Debug|Any CPU
		{9F4E86DD-9FDD-4C6B-8B28-19ED35C1D768}.Release|Any CPU.ActiveCfg = Release|Any CPU
		{9F4E86DD-9FDD-4C6B-8B28-19ED35C1D768}.Release|Any CPU.Build.0 = Release|Any CPU
		{D0C8456F-A4AC-4B6E-92AB-F71B0D19B01C}.Debug|Any CPU.ActiveCfg = Debug|Any CPU
		{D0C8456F-A4AC-4B6E-92AB-F71B0D19B01C}.Debug|Any CPU.Build.0 = Debug|Any CPU
		{D0C8456F-A4AC-4B6E-92AB-F71B0D19B01C}.Release|Any CPU.ActiveCfg = Release|Any CPU
		{D0C8456F-A4AC-4B6E-92AB-F71B0D19B01C}.Release|Any CPU.Build.0 = Release|Any CPU
		{7D6C8627-CF35-4E3F-A3FE-1600327437C7}.Debug|Any CPU.ActiveCfg = Debug|Any CPU
		{7D6C8627-CF35-4E3F-A3FE-1600327437C7}.Debug|Any CPU.Build.0 = Debug|Any CPU
		{7D6C8627-CF35-4E3F-A3FE-1600327437C7}.Release|Any CPU.ActiveCfg = Release|Any CPU
		{7D6C8627-CF35-4E3F-A3FE-1600327437C7}.Release|Any CPU.Build.0 = Release|Any CPU
		{138A40B5-3D80-4BA3-BD84-D82C151EE7FE}.Debug|Any CPU.ActiveCfg = Debug|Any CPU
		{138A40B5-3D80-4BA3-BD84-D82C151EE7FE}.Debug|Any CPU.Build.0 = Debug|Any CPU
		{138A40B5-3D80-4BA3-BD84-D82C151EE7FE}.Release|Any CPU.ActiveCfg = Release|Any CPU
		{138A40B5-3D80-4BA3-BD84-D82C151EE7FE}.Release|Any CPU.Build.0 = Release|Any CPU
		{B528E84A-12F3-4981-B749-B3FE19937345}.Debug|Any CPU.ActiveCfg = Debug|Any CPU
		{B528E84A-12F3-4981-B749-B3FE19937345}.Debug|Any CPU.Build.0 = Debug|Any CPU
		{B528E84A-12F3-4981-B749-B3FE19937345}.Release|Any CPU.ActiveCfg = Release|Any CPU
		{B528E84A-12F3-4981-B749-B3FE19937345}.Release|Any CPU.Build.0 = Release|Any CPU
		{5231706E-2955-43BF-9C06-291E12AF5C5C}.Debug|Any CPU.ActiveCfg = Debug|Any CPU
		{5231706E-2955-43BF-9C06-291E12AF5C5C}.Debug|Any CPU.Build.0 = Debug|Any CPU
		{5231706E-2955-43BF-9C06-291E12AF5C5C}.Release|Any CPU.ActiveCfg = Release|Any CPU
		{5231706E-2955-43BF-9C06-291E12AF5C5C}.Release|Any CPU.Build.0 = Release|Any CPU
		{7C7FA004-D9FB-4B55-9E88-6FB8716B7A1F}.Debug|Any CPU.ActiveCfg = Debug|Any CPU
		{7C7FA004-D9FB-4B55-9E88-6FB8716B7A1F}.Debug|Any CPU.Build.0 = Debug|Any CPU
		{7C7FA004-D9FB-4B55-9E88-6FB8716B7A1F}.Release|Any CPU.ActiveCfg = Release|Any CPU
		{7C7FA004-D9FB-4B55-9E88-6FB8716B7A1F}.Release|Any CPU.Build.0 = Release|Any CPU
		{E4440567-3D5D-4670-AB49-8163B18E302E}.Debug|Any CPU.ActiveCfg = Debug|Any CPU
		{E4440567-3D5D-4670-AB49-8163B18E302E}.Debug|Any CPU.Build.0 = Debug|Any CPU
		{E4440567-3D5D-4670-AB49-8163B18E302E}.Release|Any CPU.ActiveCfg = Release|Any CPU
		{E4440567-3D5D-4670-AB49-8163B18E302E}.Release|Any CPU.Build.0 = Release|Any CPU
		{981FA2AC-78DC-4597-A2B3-63AE8502FDB2}.Debug|Any CPU.ActiveCfg = Debug|Any CPU
		{981FA2AC-78DC-4597-A2B3-63AE8502FDB2}.Debug|Any CPU.Build.0 = Debug|Any CPU
		{981FA2AC-78DC-4597-A2B3-63AE8502FDB2}.Release|Any CPU.ActiveCfg = Release|Any CPU
		{981FA2AC-78DC-4597-A2B3-63AE8502FDB2}.Release|Any CPU.Build.0 = Release|Any CPU
		{B81DEDE2-E786-437E-A3AF-82AEBE0D6D25}.Debug|Any CPU.ActiveCfg = Debug|Any CPU
		{B81DEDE2-E786-437E-A3AF-82AEBE0D6D25}.Debug|Any CPU.Build.0 = Debug|Any CPU
		{B81DEDE2-E786-437E-A3AF-82AEBE0D6D25}.Release|Any CPU.ActiveCfg = Release|Any CPU
		{B81DEDE2-E786-437E-A3AF-82AEBE0D6D25}.Release|Any CPU.Build.0 = Release|Any CPU
		{C3675561-87CA-4BE1-BAD0-852308ADD851}.Debug|Any CPU.ActiveCfg = Debug|Any CPU
		{C3675561-87CA-4BE1-BAD0-852308ADD851}.Debug|Any CPU.Build.0 = Debug|Any CPU
		{C3675561-87CA-4BE1-BAD0-852308ADD851}.Release|Any CPU.ActiveCfg = Release|Any CPU
		{C3675561-87CA-4BE1-BAD0-852308ADD851}.Release|Any CPU.Build.0 = Release|Any CPU
		{75BB4C75-DE36-47B3-9910-10EA8E8973B7}.Debug|Any CPU.ActiveCfg = Debug|Any CPU
		{75BB4C75-DE36-47B3-9910-10EA8E8973B7}.Debug|Any CPU.Build.0 = Debug|Any CPU
		{75BB4C75-DE36-47B3-9910-10EA8E8973B7}.Release|Any CPU.ActiveCfg = Release|Any CPU
		{75BB4C75-DE36-47B3-9910-10EA8E8973B7}.Release|Any CPU.Build.0 = Release|Any CPU
		{E9A37628-13C4-467D-A802-D517A89920C3}.Debug|Any CPU.ActiveCfg = Debug|Any CPU
		{E9A37628-13C4-467D-A802-D517A89920C3}.Debug|Any CPU.Build.0 = Debug|Any CPU
		{E9A37628-13C4-467D-A802-D517A89920C3}.Release|Any CPU.ActiveCfg = Release|Any CPU
		{E9A37628-13C4-467D-A802-D517A89920C3}.Release|Any CPU.Build.0 = Release|Any CPU
		{68AA6280-09EF-4325-B5F8-B8A967004144}.Debug|Any CPU.ActiveCfg = Debug|Any CPU
		{68AA6280-09EF-4325-B5F8-B8A967004144}.Debug|Any CPU.Build.0 = Debug|Any CPU
		{68AA6280-09EF-4325-B5F8-B8A967004144}.Release|Any CPU.ActiveCfg = Release|Any CPU
		{68AA6280-09EF-4325-B5F8-B8A967004144}.Release|Any CPU.Build.0 = Release|Any CPU
		{BF968F20-246B-4F86-BB7B-377FD4B47A9F}.Debug|Any CPU.ActiveCfg = Debug|Any CPU
		{BF968F20-246B-4F86-BB7B-377FD4B47A9F}.Debug|Any CPU.Build.0 = Debug|Any CPU
		{BF968F20-246B-4F86-BB7B-377FD4B47A9F}.Release|Any CPU.ActiveCfg = Release|Any CPU
		{BF968F20-246B-4F86-BB7B-377FD4B47A9F}.Release|Any CPU.Build.0 = Release|Any CPU
		{B94B117E-1A32-40C6-A93D-FD7012ED8D12}.Debug|Any CPU.ActiveCfg = Debug|Any CPU
		{B94B117E-1A32-40C6-A93D-FD7012ED8D12}.Debug|Any CPU.Build.0 = Debug|Any CPU
		{B94B117E-1A32-40C6-A93D-FD7012ED8D12}.Release|Any CPU.ActiveCfg = Release|Any CPU
		{B94B117E-1A32-40C6-A93D-FD7012ED8D12}.Release|Any CPU.Build.0 = Release|Any CPU
		{6FC44240-845D-405A-A7F8-0AC465E30703}.Debug|Any CPU.ActiveCfg = Debug|Any CPU
		{6FC44240-845D-405A-A7F8-0AC465E30703}.Debug|Any CPU.Build.0 = Debug|Any CPU
		{6FC44240-845D-405A-A7F8-0AC465E30703}.Release|Any CPU.ActiveCfg = Release|Any CPU
		{6FC44240-845D-405A-A7F8-0AC465E30703}.Release|Any CPU.Build.0 = Release|Any CPU
		{20FA8D33-A964-4000-AD82-67BD6900793B}.Debug|Any CPU.ActiveCfg = Debug|Any CPU
		{20FA8D33-A964-4000-AD82-67BD6900793B}.Debug|Any CPU.Build.0 = Debug|Any CPU
		{20FA8D33-A964-4000-AD82-67BD6900793B}.Release|Any CPU.ActiveCfg = Release|Any CPU
		{20FA8D33-A964-4000-AD82-67BD6900793B}.Release|Any CPU.Build.0 = Release|Any CPU
		{17822284-7AE0-4C91-B444-CFECF4927A59}.Debug|Any CPU.ActiveCfg = Debug|Any CPU
		{17822284-7AE0-4C91-B444-CFECF4927A59}.Debug|Any CPU.Build.0 = Debug|Any CPU
		{17822284-7AE0-4C91-B444-CFECF4927A59}.Release|Any CPU.ActiveCfg = Release|Any CPU
		{17822284-7AE0-4C91-B444-CFECF4927A59}.Release|Any CPU.Build.0 = Release|Any CPU
		{EE9847E1-9C76-4ACE-B531-D3EA84F7D741}.Debug|Any CPU.ActiveCfg = Debug|Any CPU
		{EE9847E1-9C76-4ACE-B531-D3EA84F7D741}.Debug|Any CPU.Build.0 = Debug|Any CPU
		{EE9847E1-9C76-4ACE-B531-D3EA84F7D741}.Release|Any CPU.ActiveCfg = Release|Any CPU
		{EE9847E1-9C76-4ACE-B531-D3EA84F7D741}.Release|Any CPU.Build.0 = Release|Any CPU
		{AB05B30F-7DBB-4B5C-A7DA-70C215D85CA4}.Debug|Any CPU.ActiveCfg = Debug|Any CPU
		{AB05B30F-7DBB-4B5C-A7DA-70C215D85CA4}.Debug|Any CPU.Build.0 = Debug|Any CPU
		{AB05B30F-7DBB-4B5C-A7DA-70C215D85CA4}.Release|Any CPU.ActiveCfg = Release|Any CPU
		{AB05B30F-7DBB-4B5C-A7DA-70C215D85CA4}.Release|Any CPU.Build.0 = Release|Any CPU
		{5B62879D-6718-4384-B528-9A96D7EDC492}.Debug|Any CPU.ActiveCfg = Debug|Any CPU
		{5B62879D-6718-4384-B528-9A96D7EDC492}.Debug|Any CPU.Build.0 = Debug|Any CPU
		{5B62879D-6718-4384-B528-9A96D7EDC492}.Release|Any CPU.ActiveCfg = Release|Any CPU
		{5B62879D-6718-4384-B528-9A96D7EDC492}.Release|Any CPU.Build.0 = Release|Any CPU
		{BA0A7803-4A15-416E-BC93-69F5B9DFC4A5}.Debug|Any CPU.ActiveCfg = Debug|Any CPU
		{BA0A7803-4A15-416E-BC93-69F5B9DFC4A5}.Debug|Any CPU.Build.0 = Debug|Any CPU
		{BA0A7803-4A15-416E-BC93-69F5B9DFC4A5}.Release|Any CPU.ActiveCfg = Release|Any CPU
		{BA0A7803-4A15-416E-BC93-69F5B9DFC4A5}.Release|Any CPU.Build.0 = Release|Any CPU
		{A5F4EF37-7B5F-4AAE-BFF2-C2D04DB805F7}.Debug|Any CPU.ActiveCfg = Debug|Any CPU
		{A5F4EF37-7B5F-4AAE-BFF2-C2D04DB805F7}.Debug|Any CPU.Build.0 = Debug|Any CPU
		{A5F4EF37-7B5F-4AAE-BFF2-C2D04DB805F7}.Release|Any CPU.ActiveCfg = Release|Any CPU
		{A5F4EF37-7B5F-4AAE-BFF2-C2D04DB805F7}.Release|Any CPU.Build.0 = Release|Any CPU
		{F4D2EF4F-24F2-4D4A-BC93-78B0C5AD19A4}.Debug|Any CPU.ActiveCfg = Debug|Any CPU
		{F4D2EF4F-24F2-4D4A-BC93-78B0C5AD19A4}.Debug|Any CPU.Build.0 = Debug|Any CPU
		{F4D2EF4F-24F2-4D4A-BC93-78B0C5AD19A4}.Release|Any CPU.ActiveCfg = Release|Any CPU
		{F4D2EF4F-24F2-4D4A-BC93-78B0C5AD19A4}.Release|Any CPU.Build.0 = Release|Any CPU
		{1797C45C-F96B-4F95-BAAC-400910CAB473}.Debug|Any CPU.ActiveCfg = Debug|Any CPU
		{1797C45C-F96B-4F95-BAAC-400910CAB473}.Debug|Any CPU.Build.0 = Debug|Any CPU
		{1797C45C-F96B-4F95-BAAC-400910CAB473}.Release|Any CPU.ActiveCfg = Release|Any CPU
		{1797C45C-F96B-4F95-BAAC-400910CAB473}.Release|Any CPU.Build.0 = Release|Any CPU
		{4E4D006D-9C6E-47DB-908D-674E0C8D98AA}.Debug|Any CPU.ActiveCfg = Debug|Any CPU
		{4E4D006D-9C6E-47DB-908D-674E0C8D98AA}.Debug|Any CPU.Build.0 = Debug|Any CPU
		{4E4D006D-9C6E-47DB-908D-674E0C8D98AA}.Release|Any CPU.ActiveCfg = Release|Any CPU
		{4E4D006D-9C6E-47DB-908D-674E0C8D98AA}.Release|Any CPU.Build.0 = Release|Any CPU
		{BC9EE416-ABEC-4B61-801D-EBB5C699CB5D}.Debug|Any CPU.ActiveCfg = Debug|Any CPU
		{BC9EE416-ABEC-4B61-801D-EBB5C699CB5D}.Debug|Any CPU.Build.0 = Debug|Any CPU
		{BC9EE416-ABEC-4B61-801D-EBB5C699CB5D}.Release|Any CPU.ActiveCfg = Release|Any CPU
		{BC9EE416-ABEC-4B61-801D-EBB5C699CB5D}.Release|Any CPU.Build.0 = Release|Any CPU
		{74863E62-A568-4C0A-A37F-F04BFA8EB9DB}.Debug|Any CPU.ActiveCfg = Debug|Any CPU
		{74863E62-A568-4C0A-A37F-F04BFA8EB9DB}.Debug|Any CPU.Build.0 = Debug|Any CPU
		{74863E62-A568-4C0A-A37F-F04BFA8EB9DB}.Release|Any CPU.ActiveCfg = Release|Any CPU
		{74863E62-A568-4C0A-A37F-F04BFA8EB9DB}.Release|Any CPU.Build.0 = Release|Any CPU
		{25E1F71B-C9D0-4CCC-84A5-4E66A589A3CA}.Debug|Any CPU.ActiveCfg = Debug|Any CPU
		{25E1F71B-C9D0-4CCC-84A5-4E66A589A3CA}.Debug|Any CPU.Build.0 = Debug|Any CPU
		{25E1F71B-C9D0-4CCC-84A5-4E66A589A3CA}.Release|Any CPU.ActiveCfg = Release|Any CPU
		{25E1F71B-C9D0-4CCC-84A5-4E66A589A3CA}.Release|Any CPU.Build.0 = Release|Any CPU
		{769F9D01-D4A1-4C85-9F11-F721CDFC94DC}.Debug|Any CPU.ActiveCfg = Debug|Any CPU
		{769F9D01-D4A1-4C85-9F11-F721CDFC94DC}.Debug|Any CPU.Build.0 = Debug|Any CPU
		{769F9D01-D4A1-4C85-9F11-F721CDFC94DC}.Release|Any CPU.ActiveCfg = Release|Any CPU
		{769F9D01-D4A1-4C85-9F11-F721CDFC94DC}.Release|Any CPU.Build.0 = Release|Any CPU
		{4A00FD90-FF7B-4250-9CBC-B6855130090B}.Debug|Any CPU.ActiveCfg = Debug|Any CPU
		{4A00FD90-FF7B-4250-9CBC-B6855130090B}.Debug|Any CPU.Build.0 = Debug|Any CPU
		{4A00FD90-FF7B-4250-9CBC-B6855130090B}.Release|Any CPU.ActiveCfg = Release|Any CPU
		{4A00FD90-FF7B-4250-9CBC-B6855130090B}.Release|Any CPU.Build.0 = Release|Any CPU
		{BB73D940-CBD2-4F00-B246-2A25CA5ACD7E}.Debug|Any CPU.ActiveCfg = Debug|Any CPU
		{BB73D940-CBD2-4F00-B246-2A25CA5ACD7E}.Debug|Any CPU.Build.0 = Debug|Any CPU
		{BB73D940-CBD2-4F00-B246-2A25CA5ACD7E}.Release|Any CPU.ActiveCfg = Release|Any CPU
		{BB73D940-CBD2-4F00-B246-2A25CA5ACD7E}.Release|Any CPU.Build.0 = Release|Any CPU
		{ADCF2136-B5C7-422A-9D3A-E17CE906AED4}.Debug|Any CPU.ActiveCfg = Debug|Any CPU
		{ADCF2136-B5C7-422A-9D3A-E17CE906AED4}.Debug|Any CPU.Build.0 = Debug|Any CPU
		{ADCF2136-B5C7-422A-9D3A-E17CE906AED4}.Release|Any CPU.ActiveCfg = Release|Any CPU
		{ADCF2136-B5C7-422A-9D3A-E17CE906AED4}.Release|Any CPU.Build.0 = Release|Any CPU
		{75E03D31-12B1-446C-A8A1-92924568AC8E}.Debug|Any CPU.ActiveCfg = Debug|Any CPU
		{75E03D31-12B1-446C-A8A1-92924568AC8E}.Debug|Any CPU.Build.0 = Debug|Any CPU
		{75E03D31-12B1-446C-A8A1-92924568AC8E}.Release|Any CPU.ActiveCfg = Release|Any CPU
		{75E03D31-12B1-446C-A8A1-92924568AC8E}.Release|Any CPU.Build.0 = Release|Any CPU
		{D3E27AB6-D679-4FD2-A15C-F974FC73EBA0}.Debug|Any CPU.ActiveCfg = Debug|Any CPU
		{D3E27AB6-D679-4FD2-A15C-F974FC73EBA0}.Debug|Any CPU.Build.0 = Debug|Any CPU
		{D3E27AB6-D679-4FD2-A15C-F974FC73EBA0}.Release|Any CPU.ActiveCfg = Release|Any CPU
		{D3E27AB6-D679-4FD2-A15C-F974FC73EBA0}.Release|Any CPU.Build.0 = Release|Any CPU
		{27C9A179-531F-41FB-8257-8396061C751B}.Debug|Any CPU.ActiveCfg = Debug|Any CPU
		{27C9A179-531F-41FB-8257-8396061C751B}.Debug|Any CPU.Build.0 = Debug|Any CPU
		{27C9A179-531F-41FB-8257-8396061C751B}.Release|Any CPU.ActiveCfg = Release|Any CPU
		{27C9A179-531F-41FB-8257-8396061C751B}.Release|Any CPU.Build.0 = Release|Any CPU
		{BECE691C-BAC6-434B-B1F9-4D8653922585}.Debug|Any CPU.ActiveCfg = Debug|Any CPU
		{BECE691C-BAC6-434B-B1F9-4D8653922585}.Debug|Any CPU.Build.0 = Debug|Any CPU
		{BECE691C-BAC6-434B-B1F9-4D8653922585}.Release|Any CPU.ActiveCfg = Release|Any CPU
		{BECE691C-BAC6-434B-B1F9-4D8653922585}.Release|Any CPU.Build.0 = Release|Any CPU
		{1F1BD28D-3EB3-4102-9F7A-7D64D90CF676}.Debug|Any CPU.ActiveCfg = Debug|Any CPU
		{1F1BD28D-3EB3-4102-9F7A-7D64D90CF676}.Debug|Any CPU.Build.0 = Debug|Any CPU
		{1F1BD28D-3EB3-4102-9F7A-7D64D90CF676}.Release|Any CPU.ActiveCfg = Release|Any CPU
		{1F1BD28D-3EB3-4102-9F7A-7D64D90CF676}.Release|Any CPU.Build.0 = Release|Any CPU
	EndGlobalSection
	GlobalSection(SolutionProperties) = preSolution
		HideSolutionNode = FALSE
	EndGlobalSection
	GlobalSection(NestedProjects) = preSolution
		{EE9847E1-9C76-4ACE-B531-D3EA84F7D741} = {8C0636EB-6EFA-4B89-A35A-361E7AF42BF5}
		{AB05B30F-7DBB-4B5C-A7DA-70C215D85CA4} = {8C0636EB-6EFA-4B89-A35A-361E7AF42BF5}
		{BA0A7803-4A15-416E-BC93-69F5B9DFC4A5} = {8C0636EB-6EFA-4B89-A35A-361E7AF42BF5}
		{68AA6280-09EF-4325-B5F8-B8A967004144} = {8C0636EB-6EFA-4B89-A35A-361E7AF42BF5}
		{5B62879D-6718-4384-B528-9A96D7EDC492} = {8C0636EB-6EFA-4B89-A35A-361E7AF42BF5}
		{D3E27AB6-D679-4FD2-A15C-F974FC73EBA0} = {8C0636EB-6EFA-4B89-A35A-361E7AF42BF5}
		{138A40B5-3D80-4BA3-BD84-D82C151EE7FE} = {8C0636EB-6EFA-4B89-A35A-361E7AF42BF5}
		{B528E84A-12F3-4981-B749-B3FE19937345} = {8C0636EB-6EFA-4B89-A35A-361E7AF42BF5}
		{8F701B0D-48B6-45CF-85E0-286BD53328BA} = {A32626FE-FD93-4802-B9FD-3D643C027C7B}
		{F4D2EF4F-24F2-4D4A-BC93-78B0C5AD19A4} = {A32626FE-FD93-4802-B9FD-3D643C027C7B}
		{9066595C-9E66-4631-A53A-28C2D22CFE53} = {A32626FE-FD93-4802-B9FD-3D643C027C7B}
		{B7E2C5AF-3EE2-4820-B2AE-62BC8D0FB7AC} = {A32626FE-FD93-4802-B9FD-3D643C027C7B}
		{CC65E69E-FAFD-4C2B-85EB-5E57FD3AF847} = {63B8F18C-9347-4B56-8164-26ED9557CDAC}
		{4E4D006D-9C6E-47DB-908D-674E0C8D98AA} = {63B8F18C-9347-4B56-8164-26ED9557CDAC}
		{9F4E86DD-9FDD-4C6B-8B28-19ED35C1D768} = {63B8F18C-9347-4B56-8164-26ED9557CDAC}
		{B81DEDE2-E786-437E-A3AF-82AEBE0D6D25} = {63B8F18C-9347-4B56-8164-26ED9557CDAC}
		{92242E5E-5077-48B8-8D8B-AE7108C46FF9} = {63B8F18C-9347-4B56-8164-26ED9557CDAC}
		{C0D2430E-714D-476C-80E7-5C80A7FA68EE} = {63B8F18C-9347-4B56-8164-26ED9557CDAC}
		{C3675561-87CA-4BE1-BAD0-852308ADD851} = {63B8F18C-9347-4B56-8164-26ED9557CDAC}
		{E4440567-3D5D-4670-AB49-8163B18E302E} = {A0201EC5-317E-4A7F-9FBA-6CE57916DF0E}
		{981FA2AC-78DC-4597-A2B3-63AE8502FDB2} = {A0201EC5-317E-4A7F-9FBA-6CE57916DF0E}
		{A5F4EF37-7B5F-4AAE-BFF2-C2D04DB805F7} = {F16B2C5D-4787-4A3D-A943-8DB76B7774A0}
		{BC9EE416-ABEC-4B61-801D-EBB5C699CB5D} = {C0B5FC8F-7204-4589-AA9A-B7CB115BD1AB}
		{769F9D01-D4A1-4C85-9F11-F721CDFC94DC} = {C0B5FC8F-7204-4589-AA9A-B7CB115BD1AB}
		{7D6C8627-CF35-4E3F-A3FE-1600327437C7} = {C0B5FC8F-7204-4589-AA9A-B7CB115BD1AB}
		{D0C8456F-A4AC-4B6E-92AB-F71B0D19B01C} = {C0B5FC8F-7204-4589-AA9A-B7CB115BD1AB}
		{5231706E-2955-43BF-9C06-291E12AF5C5C} = {A58795C0-CFBC-4DDA-BD36-FE33B795DF4B}
		{74863E62-A568-4C0A-A37F-F04BFA8EB9DB} = {A58795C0-CFBC-4DDA-BD36-FE33B795DF4B}
		{1797C45C-F96B-4F95-BAAC-400910CAB473} = {A58795C0-CFBC-4DDA-BD36-FE33B795DF4B}
		{7C7FA004-D9FB-4B55-9E88-6FB8716B7A1F} = {A58795C0-CFBC-4DDA-BD36-FE33B795DF4B}
		{BAE8830E-5F62-48D6-B772-C4B1E8665FB3} = {E8F1CDEF-B319-4C8C-ABB5-C79690EE0EED}
		{BF968F20-246B-4F86-BB7B-377FD4B47A9F} = {E8F1CDEF-B319-4C8C-ABB5-C79690EE0EED}
		{D0AAD622-ED82-40E5-88A9-980EAFC12C16} = {E8F1CDEF-B319-4C8C-ABB5-C79690EE0EED}
		{BD8A80E2-A313-437E-B0EF-FC0B066280A7} = {E8F1CDEF-B319-4C8C-ABB5-C79690EE0EED}
		{BDDB4AA4-5D31-43B3-9A3B-BF3030EDE927} = {8F925676-E336-4CA0-A61E-DA2367C64E78}
		{4A00FD90-FF7B-4250-9CBC-B6855130090B} = {8F925676-E336-4CA0-A61E-DA2367C64E78}
		{75E03D31-12B1-446C-A8A1-92924568AC8E} = {8F925676-E336-4CA0-A61E-DA2367C64E78}
		{27C9A179-531F-41FB-8257-8396061C751B} = {8F925676-E336-4CA0-A61E-DA2367C64E78}
		{BECE691C-BAC6-434B-B1F9-4D8653922585} = {8F925676-E336-4CA0-A61E-DA2367C64E78}
		{1F1BD28D-3EB3-4102-9F7A-7D64D90CF676} = {8F925676-E336-4CA0-A61E-DA2367C64E78}
		{BB73D940-CBD2-4F00-B246-2A25CA5ACD7E} = {8F925676-E336-4CA0-A61E-DA2367C64E78}
		{ADCF2136-B5C7-422A-9D3A-E17CE906AED4} = {8F925676-E336-4CA0-A61E-DA2367C64E78}
		{D24FD291-F379-4AA1-9C0E-D664EBBECBC9} = {8F925676-E336-4CA0-A61E-DA2367C64E78}
		{75BB4C75-DE36-47B3-9910-10EA8E8973B7} = {50A503A3-97FF-41C6-BF88-A49E213FDE4C}
		{E9A37628-13C4-467D-A802-D517A89920C3} = {50A503A3-97FF-41C6-BF88-A49E213FDE4C}
		{17822284-7AE0-4C91-B444-CFECF4927A59} = {EF40F5ED-91FF-4ACF-9B87-5B6A6AB4EC3B}
		{6FC44240-845D-405A-A7F8-0AC465E30703} = {D7740782-57FA-4201-B293-731AFA8D2210}
		{05569371-855C-4667-8228-20491337C431} = {EAE64E8C-25D1-4400-A4A5-8C04972BD1C5}
		{25E1F71B-C9D0-4CCC-84A5-4E66A589A3CA} = {EF40F5ED-91FF-4ACF-9B87-5B6A6AB4EC3B}
	EndGlobalSection
EndGlobal
