Microsoft Visual Studio Solution File, Format Version 12.00
# Visual Studio 2012
Project("{FAE04EC0-301F-11D3-BF4B-00C04F79EFBC}") = "DeltaEngine.Graphics", "Graphics\DeltaEngine.Graphics.csproj", "{8F701B0D-48B6-45CF-85E0-286BD53328BA}"
EndProject
Project("{FAE04EC0-301F-11D3-BF4B-00C04F79EFBC}") = "DeltaEngine.Platforms", "Platforms\DeltaEngine.Platforms.csproj", "{BAE8830E-5F62-48D6-B772-C4B1E8665FB3}"
EndProject
Project("{FAE04EC0-301F-11D3-BF4B-00C04F79EFBC}") = "DeltaEngine.Rendering2D", "Rendering2D\DeltaEngine.Rendering2D.csproj", "{BDDB4AA4-5D31-43B3-9A3B-BF3030EDE927}"
EndProject
Project("{FAE04EC0-301F-11D3-BF4B-00C04F79EFBC}") = "DeltaEngine.Platforms.Windows", "Platforms\Windows\DeltaEngine.Platforms.Windows.csproj", "{BD8A80E2-A313-437E-B0EF-FC0B066280A7}"
EndProject
Project("{FAE04EC0-301F-11D3-BF4B-00C04F79EFBC}") = "DeltaEngine.Input", "Input\DeltaEngine.Input.csproj", "{CC65E69E-FAFD-4C2B-85EB-5E57FD3AF847}"
EndProject
Project("{FAE04EC0-301F-11D3-BF4B-00C04F79EFBC}") = "DeltaEngine.Networking", "Networking\DeltaEngine.Networking.csproj", "{5231706E-2955-43BF-9C06-291E12AF5C5C}"
EndProject
Project("{FAE04EC0-301F-11D3-BF4B-00C04F79EFBC}") = "DeltaEngine.Logging", "Logging\DeltaEngine.Logging.csproj", "{E4440567-3D5D-4670-AB49-8163B18E302E}"
EndProject
Project("{FAE04EC0-301F-11D3-BF4B-00C04F79EFBC}") = "DeltaEngine.Content.Online", "Content\Online\DeltaEngine.Content.Online.csproj", "{68AA6280-09EF-4325-B5F8-B8A967004144}"
EndProject
Project("{FAE04EC0-301F-11D3-BF4B-00C04F79EFBC}") = "LogoApp", "Samples\LogoApp\LogoApp.csproj", "{B94B117E-1A32-40C6-A93D-FD7012ED8D12}"
EndProject
Project("{FAE04EC0-301F-11D3-BF4B-00C04F79EFBC}") = "LogoApp.Tests", "Samples\LogoApp\Tests\LogoApp.Tests.csproj", "{25E1F71B-C9D0-4CCC-84A5-4E66A589A3CA}"
EndProject
Project("{FAE04EC0-301F-11D3-BF4B-00C04F79EFBC}") = "Asteroids", "Samples\Asteroids\Asteroids.csproj", "{6BA7DE2F-0323-428F-9318-6A163B182F0C}"
EndProject
Project("{FAE04EC0-301F-11D3-BF4B-00C04F79EFBC}") = "Asteroids.Tests", "Samples\Asteroids\Tests\Asteroids.Tests.csproj", "{3AC3CD40-FFF4-4B0E-91E7-39350828EA3B}"
EndProject
Project("{FAE04EC0-301F-11D3-BF4B-00C04F79EFBC}") = "DeltaEngine.Scenes", "Scenes\DeltaEngine.Scenes.csproj", "{75BB4C75-DE36-47B3-9910-10EA8E8973B7}"
EndProject
Project("{FAE04EC0-301F-11D3-BF4B-00C04F79EFBC}") = "DeltaEngine.Content.Xml", "Content\Xml\DeltaEngine.Content.Xml.csproj", "{138A40B5-3D80-4BA3-BD84-D82C151EE7FE}"
EndProject
Project("{FAE04EC0-301F-11D3-BF4B-00C04F79EFBC}") = "DeltaEngine.Platforms.Mocks", "Platforms\Mocks\DeltaEngine.Platforms.Mocks.csproj", "{BF968F20-246B-4F86-BB7B-377FD4B47A9F}"
EndProject
Project("{FAE04EC0-301F-11D3-BF4B-00C04F79EFBC}") = "DeltaEngine", "DeltaEngine.csproj", "{20FA8D33-A964-4000-AD82-67BD6900793B}"
EndProject
Project("{FAE04EC0-301F-11D3-BF4B-00C04F79EFBC}") = "DeltaEngine.Content.Mocks", "Content\Mocks\DeltaEngine.Content.Mocks.csproj", "{BA0A7803-4A15-416E-BC93-69F5B9DFC4A5}"
EndProject
Project("{FAE04EC0-301F-11D3-BF4B-00C04F79EFBC}") = "DeltaEngine.Graphics.Mocks", "Graphics\Mocks\DeltaEngine.Graphics.Mocks.csproj", "{F4D2EF4F-24F2-4D4A-BC93-78B0C5AD19A4}"
EndProject
Project("{FAE04EC0-301F-11D3-BF4B-00C04F79EFBC}") = "DeltaEngine.Input.Mocks", "Input\Mocks\DeltaEngine.Input.Mocks.csproj", "{4E4D006D-9C6E-47DB-908D-674E0C8D98AA}"
EndProject
Project("{FAE04EC0-301F-11D3-BF4B-00C04F79EFBC}") = "DeltaEngine.Multimedia.Mocks", "Multimedia\Mocks\DeltaEngine.Multimedia.Mocks.csproj", "{BC9EE416-ABEC-4B61-801D-EBB5C699CB5D}"
EndProject
Project("{FAE04EC0-301F-11D3-BF4B-00C04F79EFBC}") = "DeltaEngine.Networking.Mocks", "Networking\Mocks\DeltaEngine.Networking.Mocks.csproj", "{1797C45C-F96B-4F95-BAAC-400910CAB473}"
EndProject
Project("{FAE04EC0-301F-11D3-BF4B-00C04F79EFBC}") = "DeltaEngine.Mocks", "Mocks\DeltaEngine.Mocks.csproj", "{A5F4EF37-7B5F-4AAE-BFF2-C2D04DB805F7}"
EndProject
Project("{FAE04EC0-301F-11D3-BF4B-00C04F79EFBC}") = "DeltaEngine.Content.Disk", "Content\Disk\DeltaEngine.Content.Disk.csproj", "{EE9847E1-9C76-4ACE-B531-D3EA84F7D741}"
EndProject
Project("{FAE04EC0-301F-11D3-BF4B-00C04F79EFBC}") = "DeltaEngine.Networking.Messages", "Networking\Messages\DeltaEngine.Networking.Messages.csproj", "{74863E62-A568-4C0A-A37F-F04BFA8EB9DB}"
EndProject
Project("{FAE04EC0-301F-11D3-BF4B-00C04F79EFBC}") = "Blocks", "Samples\Blocks\Blocks.csproj", "{B6B68683-4E2A-4B2A-B5E5-F53B6F430379}"
EndProject
Project("{FAE04EC0-301F-11D3-BF4B-00C04F79EFBC}") = "Blocks.Tests", "Samples\Blocks\Tests\Blocks.Tests.csproj", "{0E05CD0A-52C6-4FAA-8676-279B6854996A}"
EndProject
Project("{FAE04EC0-301F-11D3-BF4B-00C04F79EFBC}") = "DeltaEngine.Multimedia.MusicStreams", "Multimedia\MusicStreams\DeltaEngine.Multimedia.MusicStreams.csproj", "{769F9D01-D4A1-4C85-9F11-F721CDFC94DC}"
EndProject
Project("{FAE04EC0-301F-11D3-BF4B-00C04F79EFBC}") = "GhostWars", "Samples\GhostWars\GhostWars.csproj", "{3B7299A6-E943-4A8B-ABC7-27283B376611}"
EndProject
Project("{FAE04EC0-301F-11D3-BF4B-00C04F79EFBC}") = "GhostWars.Tests", "Samples\GhostWars\Tests\GhostWars.Tests.csproj", "{298625BF-9B6A-42F9-84AB-94FE04A21238}"
EndProject
Project("{FAE04EC0-301F-11D3-BF4B-00C04F79EFBC}") = "EmptyLibrary", "Samples\EmptyLibrary\EmptyLibrary.csproj", "{91450EA7-1575-493F-97F7-4ED3DE001C2A}"
EndProject
Project("{FAE04EC0-301F-11D3-BF4B-00C04F79EFBC}") = "DeltaEngine.Rendering2D.Fonts", "Rendering2D\Fonts\DeltaEngine.Rendering2D.Fonts.csproj", "{4A00FD90-FF7B-4250-9CBC-B6855130090B}"
EndProject
Project("{FAE04EC0-301F-11D3-BF4B-00C04F79EFBC}") = "DeltaEngine.Rendering2D.Shapes", "Rendering2D\Shapes\DeltaEngine.Rendering2D.Shapes.csproj", "{BB73D940-CBD2-4F00-B246-2A25CA5ACD7E}"
EndProject
Project("{FAE04EC0-301F-11D3-BF4B-00C04F79EFBC}") = "DeltaEngine.Input.Windows", "Input\Windows\DeltaEngine.Input.Windows.csproj", "{C0D2430E-714D-476C-80E7-5C80A7FA68EE}"
EndProject
Project("{FAE04EC0-301F-11D3-BF4B-00C04F79EFBC}") = "DeltaEngine.WindowsSharpDX", "Platforms\WindowsSharpDX\DeltaEngine.WindowsSharpDX.csproj", "{05569371-855C-4667-8228-20491337C431}"
EndProject
Project("{FAE04EC0-301F-11D3-BF4B-00C04F79EFBC}") = "DeltaEngine.TestWithSharpDX", "Platforms\TestWithSharpDX\DeltaEngine.TestWithSharpDX.csproj", "{6FC44240-845D-405A-A7F8-0AC465E30703}"
EndProject
Project("{FAE04EC0-301F-11D3-BF4B-00C04F79EFBC}") = "DeltaEngine.Graphics.SharpDX", "Graphics\SharpDX\DeltaEngine.Graphics.SharpDX.csproj", "{9066595C-9E66-4631-A53A-28C2D22CFE53}"
EndProject
Project("{FAE04EC0-301F-11D3-BF4B-00C04F79EFBC}") = "DeltaEngine.Input.SharpDX", "Input\SharpDX\DeltaEngine.Input.SharpDX.csproj", "{9F4E86DD-9FDD-4C6B-8B28-19ED35C1D768}"
EndProject
Project("{FAE04EC0-301F-11D3-BF4B-00C04F79EFBC}") = "DeltaEngine.Multimedia.SharpDX", "Multimedia\SharpDX\DeltaEngine.Multimedia.SharpDX.csproj", "{7D6C8627-CF35-4E3F-A3FE-1600327437C7}"
EndProject
Project("{FAE04EC0-301F-11D3-BF4B-00C04F79EFBC}") = "DeltaEngine.Rendering2D.Particles", "Rendering2D\Particles\DeltaEngine.Rendering2D.Particles.csproj", "{BECE691C-BAC6-434B-B1F9-4D8653922585}"
EndProject
Project("{FAE04EC0-301F-11D3-BF4B-00C04F79EFBC}") = "DeltaEngine.Rendering2D.Mocks", "Rendering2D\Mocks\DeltaEngine.Rendering2D.Mocks.csproj", "{27C9A179-531F-41FB-8257-8396061C751B}"
EndProject
Project("{FAE04EC0-301F-11D3-BF4B-00C04F79EFBC}") = "Insight", "Samples\Insight\Insight.csproj", "{40907C7B-E44C-4FF8-98E2-F4357ABAEBC6}"
EndProject
Project("{FAE04EC0-301F-11D3-BF4B-00C04F79EFBC}") = "EmptyApp", "Samples\EmptyApp\EmptyApp.csproj", "{61A2515E-AC1B-413A-8798-7ABCE6DD8D93}"
EndProject
Project("{FAE04EC0-301F-11D3-BF4B-00C04F79EFBC}") = "EmptyApp.Tests", "Samples\EmptyApp\Tests\EmptyApp.Tests.csproj", "{71219BA7-237D-4BC3-9394-92498C9E8515}"
EndProject
Project("{2150E333-8FDC-42A3-9474-1A3956D46DE8}") = "Networking", "Networking", "{35D4ACC8-B908-4032-8B79-C19F62F601F0}"
EndProject
Project("{2150E333-8FDC-42A3-9474-1A3956D46DE8}") = "Logging", "Logging", "{3F2D0366-A730-4E6D-9554-B6828692ED3B}"
EndProject
Project("{2150E333-8FDC-42A3-9474-1A3956D46DE8}") = "Rendering2D", "Rendering2D", "{522A44BD-D0DA-4659-83B8-E9A47990D80D}"
EndProject
Project("{2150E333-8FDC-42A3-9474-1A3956D46DE8}") = "Multimedia", "Multimedia", "{5C35E17F-C8B5-42E2-AFDB-115F251E96F7}"
EndProject
Project("{2150E333-8FDC-42A3-9474-1A3956D46DE8}") = "Graphics", "Graphics", "{7F0A5478-2290-4052-82A4-819339D9E873}"
EndProject
Project("{2150E333-8FDC-42A3-9474-1A3956D46DE8}") = "Samples", "Samples", "{878871C4-1FEE-48B5-8756-2A37CBA4E56A}"
EndProject
Project("{2150E333-8FDC-42A3-9474-1A3956D46DE8}") = "Platforms", "Platforms", "{A4442410-EF9F-43E5-AD76-5D5A6183C805}"
EndProject
Project("{2150E333-8FDC-42A3-9474-1A3956D46DE8}") = "Content", "Content", "{B6E5FA2C-FFA5-4497-9CAF-773139821781}"
EndProject
Project("{2150E333-8FDC-42A3-9474-1A3956D46DE8}") = "Scenes", "Scenes", "{DAF2D134-A7A2-4647-8B7B-3229688185C6}"
EndProject
Project("{2150E333-8FDC-42A3-9474-1A3956D46DE8}") = "Input", "Input", "{E8E89906-EEF8-4767-9C53-1C5B3E40AE2E}"
EndProject
Global
	GlobalSection(SolutionConfigurationPlatforms) = preSolution
		Debug|Any CPU = Debug|Any CPU
		Release|Any CPU = Release|Any CPU
	EndGlobalSection
	GlobalSection(ProjectConfigurationPlatforms) = postSolution
		{8F701B0D-48B6-45CF-85E0-286BD53328BA}.Debug|Any CPU.ActiveCfg = Debug|Any CPU
		{8F701B0D-48B6-45CF-85E0-286BD53328BA}.Debug|Any CPU.Build.0 = Debug|Any CPU
		{8F701B0D-48B6-45CF-85E0-286BD53328BA}.Release|Any CPU.ActiveCfg = Release|Any CPU
		{8F701B0D-48B6-45CF-85E0-286BD53328BA}.Release|Any CPU.Build.0 = Release|Any CPU
		{BAE8830E-5F62-48D6-B772-C4B1E8665FB3}.Debug|Any CPU.ActiveCfg = Debug|Any CPU
		{BAE8830E-5F62-48D6-B772-C4B1E8665FB3}.Debug|Any CPU.Build.0 = Debug|Any CPU
		{BAE8830E-5F62-48D6-B772-C4B1E8665FB3}.Release|Any CPU.ActiveCfg = Release|Any CPU
		{BAE8830E-5F62-48D6-B772-C4B1E8665FB3}.Release|Any CPU.Build.0 = Release|Any CPU
		{BDDB4AA4-5D31-43B3-9A3B-BF3030EDE927}.Debug|Any CPU.ActiveCfg = Debug|Any CPU
		{BDDB4AA4-5D31-43B3-9A3B-BF3030EDE927}.Debug|Any CPU.Build.0 = Debug|Any CPU
		{BDDB4AA4-5D31-43B3-9A3B-BF3030EDE927}.Release|Any CPU.ActiveCfg = Release|Any CPU
		{BDDB4AA4-5D31-43B3-9A3B-BF3030EDE927}.Release|Any CPU.Build.0 = Release|Any CPU
		{BD8A80E2-A313-437E-B0EF-FC0B066280A7}.Debug|Any CPU.ActiveCfg = Debug|Any CPU
		{BD8A80E2-A313-437E-B0EF-FC0B066280A7}.Debug|Any CPU.Build.0 = Debug|Any CPU
		{BD8A80E2-A313-437E-B0EF-FC0B066280A7}.Release|Any CPU.ActiveCfg = Release|Any CPU
		{BD8A80E2-A313-437E-B0EF-FC0B066280A7}.Release|Any CPU.Build.0 = Release|Any CPU
		{CC65E69E-FAFD-4C2B-85EB-5E57FD3AF847}.Debug|Any CPU.ActiveCfg = Debug|Any CPU
		{CC65E69E-FAFD-4C2B-85EB-5E57FD3AF847}.Debug|Any CPU.Build.0 = Debug|Any CPU
		{CC65E69E-FAFD-4C2B-85EB-5E57FD3AF847}.Release|Any CPU.ActiveCfg = Release|Any CPU
		{CC65E69E-FAFD-4C2B-85EB-5E57FD3AF847}.Release|Any CPU.Build.0 = Release|Any CPU
		{5231706E-2955-43BF-9C06-291E12AF5C5C}.Debug|Any CPU.ActiveCfg = Debug|Any CPU
		{5231706E-2955-43BF-9C06-291E12AF5C5C}.Debug|Any CPU.Build.0 = Debug|Any CPU
		{5231706E-2955-43BF-9C06-291E12AF5C5C}.Release|Any CPU.ActiveCfg = Release|Any CPU
		{5231706E-2955-43BF-9C06-291E12AF5C5C}.Release|Any CPU.Build.0 = Release|Any CPU
		{E4440567-3D5D-4670-AB49-8163B18E302E}.Debug|Any CPU.ActiveCfg = Debug|Any CPU
		{E4440567-3D5D-4670-AB49-8163B18E302E}.Debug|Any CPU.Build.0 = Debug|Any CPU
		{E4440567-3D5D-4670-AB49-8163B18E302E}.Release|Any CPU.ActiveCfg = Release|Any CPU
		{E4440567-3D5D-4670-AB49-8163B18E302E}.Release|Any CPU.Build.0 = Release|Any CPU
		{68AA6280-09EF-4325-B5F8-B8A967004144}.Debug|Any CPU.ActiveCfg = Debug|Any CPU
		{68AA6280-09EF-4325-B5F8-B8A967004144}.Debug|Any CPU.Build.0 = Debug|Any CPU
		{68AA6280-09EF-4325-B5F8-B8A967004144}.Release|Any CPU.ActiveCfg = Release|Any CPU
		{68AA6280-09EF-4325-B5F8-B8A967004144}.Release|Any CPU.Build.0 = Release|Any CPU
		{B94B117E-1A32-40C6-A93D-FD7012ED8D12}.Debug|Any CPU.ActiveCfg = Debug|Any CPU
		{B94B117E-1A32-40C6-A93D-FD7012ED8D12}.Debug|Any CPU.Build.0 = Debug|Any CPU
		{B94B117E-1A32-40C6-A93D-FD7012ED8D12}.Release|Any CPU.ActiveCfg = Release|Any CPU
		{B94B117E-1A32-40C6-A93D-FD7012ED8D12}.Release|Any CPU.Build.0 = Release|Any CPU
		{25E1F71B-C9D0-4CCC-84A5-4E66A589A3CA}.Debug|Any CPU.ActiveCfg = Debug|Any CPU
		{25E1F71B-C9D0-4CCC-84A5-4E66A589A3CA}.Debug|Any CPU.Build.0 = Debug|Any CPU
		{25E1F71B-C9D0-4CCC-84A5-4E66A589A3CA}.Release|Any CPU.ActiveCfg = Release|Any CPU
		{25E1F71B-C9D0-4CCC-84A5-4E66A589A3CA}.Release|Any CPU.Build.0 = Release|Any CPU
		{6BA7DE2F-0323-428F-9318-6A163B182F0C}.Debug|Any CPU.ActiveCfg = Debug|Any CPU
		{6BA7DE2F-0323-428F-9318-6A163B182F0C}.Debug|Any CPU.Build.0 = Debug|Any CPU
		{6BA7DE2F-0323-428F-9318-6A163B182F0C}.Release|Any CPU.ActiveCfg = Release|Any CPU
		{6BA7DE2F-0323-428F-9318-6A163B182F0C}.Release|Any CPU.Build.0 = Release|Any CPU
		{3AC3CD40-FFF4-4B0E-91E7-39350828EA3B}.Debug|Any CPU.ActiveCfg = Debug|Any CPU
		{3AC3CD40-FFF4-4B0E-91E7-39350828EA3B}.Debug|Any CPU.Build.0 = Debug|Any CPU
		{3AC3CD40-FFF4-4B0E-91E7-39350828EA3B}.Release|Any CPU.ActiveCfg = Release|Any CPU
		{3AC3CD40-FFF4-4B0E-91E7-39350828EA3B}.Release|Any CPU.Build.0 = Release|Any CPU
		{75BB4C75-DE36-47B3-9910-10EA8E8973B7}.Debug|Any CPU.ActiveCfg = Debug|Any CPU
		{75BB4C75-DE36-47B3-9910-10EA8E8973B7}.Debug|Any CPU.Build.0 = Debug|Any CPU
		{75BB4C75-DE36-47B3-9910-10EA8E8973B7}.Release|Any CPU.ActiveCfg = Release|Any CPU
		{75BB4C75-DE36-47B3-9910-10EA8E8973B7}.Release|Any CPU.Build.0 = Release|Any CPU
		{138A40B5-3D80-4BA3-BD84-D82C151EE7FE}.Debug|Any CPU.ActiveCfg = Debug|Any CPU
		{138A40B5-3D80-4BA3-BD84-D82C151EE7FE}.Debug|Any CPU.Build.0 = Debug|Any CPU
		{138A40B5-3D80-4BA3-BD84-D82C151EE7FE}.Release|Any CPU.ActiveCfg = Release|Any CPU
		{138A40B5-3D80-4BA3-BD84-D82C151EE7FE}.Release|Any CPU.Build.0 = Release|Any CPU
		{BF968F20-246B-4F86-BB7B-377FD4B47A9F}.Debug|Any CPU.ActiveCfg = Debug|Any CPU
		{BF968F20-246B-4F86-BB7B-377FD4B47A9F}.Debug|Any CPU.Build.0 = Debug|Any CPU
		{BF968F20-246B-4F86-BB7B-377FD4B47A9F}.Release|Any CPU.ActiveCfg = Release|Any CPU
		{BF968F20-246B-4F86-BB7B-377FD4B47A9F}.Release|Any CPU.Build.0 = Release|Any CPU
		{20FA8D33-A964-4000-AD82-67BD6900793B}.Debug|Any CPU.ActiveCfg = Debug|Any CPU
		{20FA8D33-A964-4000-AD82-67BD6900793B}.Debug|Any CPU.Build.0 = Debug|Any CPU
		{20FA8D33-A964-4000-AD82-67BD6900793B}.Release|Any CPU.ActiveCfg = Release|Any CPU
		{20FA8D33-A964-4000-AD82-67BD6900793B}.Release|Any CPU.Build.0 = Release|Any CPU
		{BA0A7803-4A15-416E-BC93-69F5B9DFC4A5}.Debug|Any CPU.ActiveCfg = Debug|Any CPU
		{BA0A7803-4A15-416E-BC93-69F5B9DFC4A5}.Debug|Any CPU.Build.0 = Debug|Any CPU
		{BA0A7803-4A15-416E-BC93-69F5B9DFC4A5}.Release|Any CPU.ActiveCfg = Release|Any CPU
		{BA0A7803-4A15-416E-BC93-69F5B9DFC4A5}.Release|Any CPU.Build.0 = Release|Any CPU
		{F4D2EF4F-24F2-4D4A-BC93-78B0C5AD19A4}.Debug|Any CPU.ActiveCfg = Debug|Any CPU
		{F4D2EF4F-24F2-4D4A-BC93-78B0C5AD19A4}.Debug|Any CPU.Build.0 = Debug|Any CPU
		{F4D2EF4F-24F2-4D4A-BC93-78B0C5AD19A4}.Release|Any CPU.ActiveCfg = Release|Any CPU
		{F4D2EF4F-24F2-4D4A-BC93-78B0C5AD19A4}.Release|Any CPU.Build.0 = Release|Any CPU
		{4E4D006D-9C6E-47DB-908D-674E0C8D98AA}.Debug|Any CPU.ActiveCfg = Debug|Any CPU
		{4E4D006D-9C6E-47DB-908D-674E0C8D98AA}.Debug|Any CPU.Build.0 = Debug|Any CPU
		{4E4D006D-9C6E-47DB-908D-674E0C8D98AA}.Release|Any CPU.ActiveCfg = Release|Any CPU
		{4E4D006D-9C6E-47DB-908D-674E0C8D98AA}.Release|Any CPU.Build.0 = Release|Any CPU
		{BC9EE416-ABEC-4B61-801D-EBB5C699CB5D}.Debug|Any CPU.ActiveCfg = Debug|Any CPU
		{BC9EE416-ABEC-4B61-801D-EBB5C699CB5D}.Debug|Any CPU.Build.0 = Debug|Any CPU
		{BC9EE416-ABEC-4B61-801D-EBB5C699CB5D}.Release|Any CPU.ActiveCfg = Release|Any CPU
		{BC9EE416-ABEC-4B61-801D-EBB5C699CB5D}.Release|Any CPU.Build.0 = Release|Any CPU
		{1797C45C-F96B-4F95-BAAC-400910CAB473}.Debug|Any CPU.ActiveCfg = Debug|Any CPU
		{1797C45C-F96B-4F95-BAAC-400910CAB473}.Debug|Any CPU.Build.0 = Debug|Any CPU
		{1797C45C-F96B-4F95-BAAC-400910CAB473}.Release|Any CPU.ActiveCfg = Release|Any CPU
		{1797C45C-F96B-4F95-BAAC-400910CAB473}.Release|Any CPU.Build.0 = Release|Any CPU
		{A5F4EF37-7B5F-4AAE-BFF2-C2D04DB805F7}.Debug|Any CPU.ActiveCfg = Debug|Any CPU
		{A5F4EF37-7B5F-4AAE-BFF2-C2D04DB805F7}.Debug|Any CPU.Build.0 = Debug|Any CPU
		{A5F4EF37-7B5F-4AAE-BFF2-C2D04DB805F7}.Release|Any CPU.ActiveCfg = Release|Any CPU
		{A5F4EF37-7B5F-4AAE-BFF2-C2D04DB805F7}.Release|Any CPU.Build.0 = Release|Any CPU
		{EE9847E1-9C76-4ACE-B531-D3EA84F7D741}.Debug|Any CPU.ActiveCfg = Debug|Any CPU
		{EE9847E1-9C76-4ACE-B531-D3EA84F7D741}.Debug|Any CPU.Build.0 = Debug|Any CPU
		{EE9847E1-9C76-4ACE-B531-D3EA84F7D741}.Release|Any CPU.ActiveCfg = Release|Any CPU
		{EE9847E1-9C76-4ACE-B531-D3EA84F7D741}.Release|Any CPU.Build.0 = Release|Any CPU
		{74863E62-A568-4C0A-A37F-F04BFA8EB9DB}.Debug|Any CPU.ActiveCfg = Debug|Any CPU
		{74863E62-A568-4C0A-A37F-F04BFA8EB9DB}.Debug|Any CPU.Build.0 = Debug|Any CPU
		{74863E62-A568-4C0A-A37F-F04BFA8EB9DB}.Release|Any CPU.ActiveCfg = Release|Any CPU
		{74863E62-A568-4C0A-A37F-F04BFA8EB9DB}.Release|Any CPU.Build.0 = Release|Any CPU
		{B6B68683-4E2A-4B2A-B5E5-F53B6F430379}.Debug|Any CPU.ActiveCfg = Debug|Any CPU
		{B6B68683-4E2A-4B2A-B5E5-F53B6F430379}.Debug|Any CPU.Build.0 = Debug|Any CPU
		{B6B68683-4E2A-4B2A-B5E5-F53B6F430379}.Release|Any CPU.ActiveCfg = Release|Any CPU
		{B6B68683-4E2A-4B2A-B5E5-F53B6F430379}.Release|Any CPU.Build.0 = Release|Any CPU
		{0E05CD0A-52C6-4FAA-8676-279B6854996A}.Debug|Any CPU.ActiveCfg = Debug|Any CPU
		{0E05CD0A-52C6-4FAA-8676-279B6854996A}.Debug|Any CPU.Build.0 = Debug|Any CPU
		{0E05CD0A-52C6-4FAA-8676-279B6854996A}.Release|Any CPU.ActiveCfg = Release|Any CPU
		{0E05CD0A-52C6-4FAA-8676-279B6854996A}.Release|Any CPU.Build.0 = Release|Any CPU
		{769F9D01-D4A1-4C85-9F11-F721CDFC94DC}.Debug|Any CPU.ActiveCfg = Debug|Any CPU
		{769F9D01-D4A1-4C85-9F11-F721CDFC94DC}.Debug|Any CPU.Build.0 = Debug|Any CPU
		{769F9D01-D4A1-4C85-9F11-F721CDFC94DC}.Release|Any CPU.ActiveCfg = Release|Any CPU
		{769F9D01-D4A1-4C85-9F11-F721CDFC94DC}.Release|Any CPU.Build.0 = Release|Any CPU
		{3B7299A6-E943-4A8B-ABC7-27283B376611}.Debug|Any CPU.ActiveCfg = Debug|Any CPU
		{3B7299A6-E943-4A8B-ABC7-27283B376611}.Debug|Any CPU.Build.0 = Debug|Any CPU
		{3B7299A6-E943-4A8B-ABC7-27283B376611}.Release|Any CPU.ActiveCfg = Release|Any CPU
		{3B7299A6-E943-4A8B-ABC7-27283B376611}.Release|Any CPU.Build.0 = Release|Any CPU
		{298625BF-9B6A-42F9-84AB-94FE04A21238}.Debug|Any CPU.ActiveCfg = Debug|Any CPU
		{298625BF-9B6A-42F9-84AB-94FE04A21238}.Debug|Any CPU.Build.0 = Debug|Any CPU
		{298625BF-9B6A-42F9-84AB-94FE04A21238}.Release|Any CPU.ActiveCfg = Release|Any CPU
		{298625BF-9B6A-42F9-84AB-94FE04A21238}.Release|Any CPU.Build.0 = Release|Any CPU
		{91450EA7-1575-493F-97F7-4ED3DE001C2A}.Debug|Any CPU.ActiveCfg = Debug|Any CPU
		{91450EA7-1575-493F-97F7-4ED3DE001C2A}.Debug|Any CPU.Build.0 = Debug|Any CPU
		{91450EA7-1575-493F-97F7-4ED3DE001C2A}.Release|Any CPU.ActiveCfg = Release|Any CPU
		{91450EA7-1575-493F-97F7-4ED3DE001C2A}.Release|Any CPU.Build.0 = Release|Any CPU
		{4A00FD90-FF7B-4250-9CBC-B6855130090B}.Debug|Any CPU.ActiveCfg = Debug|Any CPU
		{4A00FD90-FF7B-4250-9CBC-B6855130090B}.Debug|Any CPU.Build.0 = Debug|Any CPU
		{4A00FD90-FF7B-4250-9CBC-B6855130090B}.Release|Any CPU.ActiveCfg = Release|Any CPU
		{4A00FD90-FF7B-4250-9CBC-B6855130090B}.Release|Any CPU.Build.0 = Release|Any CPU
		{BB73D940-CBD2-4F00-B246-2A25CA5ACD7E}.Debug|Any CPU.ActiveCfg = Debug|Any CPU
		{BB73D940-CBD2-4F00-B246-2A25CA5ACD7E}.Debug|Any CPU.Build.0 = Debug|Any CPU
		{BB73D940-CBD2-4F00-B246-2A25CA5ACD7E}.Release|Any CPU.ActiveCfg = Release|Any CPU
		{BB73D940-CBD2-4F00-B246-2A25CA5ACD7E}.Release|Any CPU.Build.0 = Release|Any CPU
		{C0D2430E-714D-476C-80E7-5C80A7FA68EE}.Debug|Any CPU.ActiveCfg = Debug|Any CPU
		{C0D2430E-714D-476C-80E7-5C80A7FA68EE}.Debug|Any CPU.Build.0 = Debug|Any CPU
		{C0D2430E-714D-476C-80E7-5C80A7FA68EE}.Release|Any CPU.ActiveCfg = Release|Any CPU
		{C0D2430E-714D-476C-80E7-5C80A7FA68EE}.Release|Any CPU.Build.0 = Release|Any CPU
		{05569371-855C-4667-8228-20491337C431}.Debug|Any CPU.ActiveCfg = Debug|Any CPU
		{05569371-855C-4667-8228-20491337C431}.Debug|Any CPU.Build.0 = Debug|Any CPU
		{05569371-855C-4667-8228-20491337C431}.Release|Any CPU.ActiveCfg = Release|Any CPU
		{05569371-855C-4667-8228-20491337C431}.Release|Any CPU.Build.0 = Release|Any CPU
		{6FC44240-845D-405A-A7F8-0AC465E30703}.Debug|Any CPU.ActiveCfg = Debug|Any CPU
		{6FC44240-845D-405A-A7F8-0AC465E30703}.Debug|Any CPU.Build.0 = Debug|Any CPU
		{6FC44240-845D-405A-A7F8-0AC465E30703}.Release|Any CPU.ActiveCfg = Release|Any CPU
		{6FC44240-845D-405A-A7F8-0AC465E30703}.Release|Any CPU.Build.0 = Release|Any CPU
		{9066595C-9E66-4631-A53A-28C2D22CFE53}.Debug|Any CPU.ActiveCfg = Debug|Any CPU
		{9066595C-9E66-4631-A53A-28C2D22CFE53}.Debug|Any CPU.Build.0 = Debug|Any CPU
		{9066595C-9E66-4631-A53A-28C2D22CFE53}.Release|Any CPU.ActiveCfg = Release|Any CPU
		{9066595C-9E66-4631-A53A-28C2D22CFE53}.Release|Any CPU.Build.0 = Release|Any CPU
		{9F4E86DD-9FDD-4C6B-8B28-19ED35C1D768}.Debug|Any CPU.ActiveCfg = Debug|Any CPU
		{9F4E86DD-9FDD-4C6B-8B28-19ED35C1D768}.Debug|Any CPU.Build.0 = Debug|Any CPU
		{9F4E86DD-9FDD-4C6B-8B28-19ED35C1D768}.Release|Any CPU.ActiveCfg = Release|Any CPU
		{9F4E86DD-9FDD-4C6B-8B28-19ED35C1D768}.Release|Any CPU.Build.0 = Release|Any CPU
		{7D6C8627-CF35-4E3F-A3FE-1600327437C7}.Debug|Any CPU.ActiveCfg = Debug|Any CPU
		{7D6C8627-CF35-4E3F-A3FE-1600327437C7}.Debug|Any CPU.Build.0 = Debug|Any CPU
		{7D6C8627-CF35-4E3F-A3FE-1600327437C7}.Release|Any CPU.ActiveCfg = Release|Any CPU
		{7D6C8627-CF35-4E3F-A3FE-1600327437C7}.Release|Any CPU.Build.0 = Release|Any CPU
		{BECE691C-BAC6-434B-B1F9-4D8653922585}.Debug|Any CPU.ActiveCfg = Debug|Any CPU
		{BECE691C-BAC6-434B-B1F9-4D8653922585}.Debug|Any CPU.Build.0 = Debug|Any CPU
		{BECE691C-BAC6-434B-B1F9-4D8653922585}.Release|Any CPU.ActiveCfg = Release|Any CPU
		{BECE691C-BAC6-434B-B1F9-4D8653922585}.Release|Any CPU.Build.0 = Release|Any CPU
		{27C9A179-531F-41FB-8257-8396061C751B}.Debug|Any CPU.ActiveCfg = Debug|Any CPU
		{27C9A179-531F-41FB-8257-8396061C751B}.Debug|Any CPU.Build.0 = Debug|Any CPU
		{27C9A179-531F-41FB-8257-8396061C751B}.Release|Any CPU.ActiveCfg = Release|Any CPU
		{27C9A179-531F-41FB-8257-8396061C751B}.Release|Any CPU.Build.0 = Release|Any CPU
		{40907C7B-E44C-4FF8-98E2-F4357ABAEBC6}.Debug|Any CPU.ActiveCfg = Debug|Any CPU
		{40907C7B-E44C-4FF8-98E2-F4357ABAEBC6}.Debug|Any CPU.Build.0 = Debug|Any CPU
		{40907C7B-E44C-4FF8-98E2-F4357ABAEBC6}.Release|Any CPU.ActiveCfg = Release|Any CPU
		{40907C7B-E44C-4FF8-98E2-F4357ABAEBC6}.Release|Any CPU.Build.0 = Release|Any CPU
		{61A2515E-AC1B-413A-8798-7ABCE6DD8D93}.Debug|Any CPU.ActiveCfg = Debug|Any CPU
		{61A2515E-AC1B-413A-8798-7ABCE6DD8D93}.Debug|Any CPU.Build.0 = Debug|Any CPU
		{61A2515E-AC1B-413A-8798-7ABCE6DD8D93}.Release|Any CPU.ActiveCfg = Release|Any CPU
		{61A2515E-AC1B-413A-8798-7ABCE6DD8D93}.Release|Any CPU.Build.0 = Release|Any CPU
		{71219BA7-237D-4BC3-9394-92498C9E8515}.Debug|Any CPU.ActiveCfg = Debug|Any CPU
		{71219BA7-237D-4BC3-9394-92498C9E8515}.Debug|Any CPU.Build.0 = Debug|Any CPU
		{71219BA7-237D-4BC3-9394-92498C9E8515}.Release|Any CPU.ActiveCfg = Release|Any CPU
		{71219BA7-237D-4BC3-9394-92498C9E8515}.Release|Any CPU.Build.0 = Release|Any CPU
	EndGlobalSection
	GlobalSection(SolutionProperties) = preSolution
		HideSolutionNode = FALSE
	EndGlobalSection
	GlobalSection(NestedProjects) = preSolution
		{6BA7DE2F-0323-428F-9318-6A163B182F0C} = {878871C4-1FEE-48B5-8756-2A37CBA4E56A}
		{3AC3CD40-FFF4-4B0E-91E7-39350828EA3B} = {878871C4-1FEE-48B5-8756-2A37CBA4E56A}
		{B6B68683-4E2A-4B2A-B5E5-F53B6F430379} = {878871C4-1FEE-48B5-8756-2A37CBA4E56A}
		{0E05CD0A-52C6-4FAA-8676-279B6854996A} = {878871C4-1FEE-48B5-8756-2A37CBA4E56A}
		{EE9847E1-9C76-4ACE-B531-D3EA84F7D741} = {B6E5FA2C-FFA5-4497-9CAF-773139821781}
		{BA0A7803-4A15-416E-BC93-69F5B9DFC4A5} = {B6E5FA2C-FFA5-4497-9CAF-773139821781}
		{68AA6280-09EF-4325-B5F8-B8A967004144} = {B6E5FA2C-FFA5-4497-9CAF-773139821781}
		{138A40B5-3D80-4BA3-BD84-D82C151EE7FE} = {B6E5FA2C-FFA5-4497-9CAF-773139821781}
		{8F701B0D-48B6-45CF-85E0-286BD53328BA} = {7F0A5478-2290-4052-82A4-819339D9E873}
		{F4D2EF4F-24F2-4D4A-BC93-78B0C5AD19A4} = {7F0A5478-2290-4052-82A4-819339D9E873}
		{9066595C-9E66-4631-A53A-28C2D22CFE53} = {7F0A5478-2290-4052-82A4-819339D9E873}
		{CC65E69E-FAFD-4C2B-85EB-5E57FD3AF847} = {E8E89906-EEF8-4767-9C53-1C5B3E40AE2E}
		{4E4D006D-9C6E-47DB-908D-674E0C8D98AA} = {E8E89906-EEF8-4767-9C53-1C5B3E40AE2E}
		{9F4E86DD-9FDD-4C6B-8B28-19ED35C1D768} = {E8E89906-EEF8-4767-9C53-1C5B3E40AE2E}
		{C0D2430E-714D-476C-80E7-5C80A7FA68EE} = {E8E89906-EEF8-4767-9C53-1C5B3E40AE2E}
		{E4440567-3D5D-4670-AB49-8163B18E302E} = {3F2D0366-A730-4E6D-9554-B6828692ED3B}
		{BC9EE416-ABEC-4B61-801D-EBB5C699CB5D} = {5C35E17F-C8B5-42E2-AFDB-115F251E96F7}
		{769F9D01-D4A1-4C85-9F11-F721CDFC94DC} = {5C35E17F-C8B5-42E2-AFDB-115F251E96F7}
		{7D6C8627-CF35-4E3F-A3FE-1600327437C7} = {5C35E17F-C8B5-42E2-AFDB-115F251E96F7}
		{5231706E-2955-43BF-9C06-291E12AF5C5C} = {35D4ACC8-B908-4032-8B79-C19F62F601F0}
		{74863E62-A568-4C0A-A37F-F04BFA8EB9DB} = {35D4ACC8-B908-4032-8B79-C19F62F601F0}
		{1797C45C-F96B-4F95-BAAC-400910CAB473} = {35D4ACC8-B908-4032-8B79-C19F62F601F0}
		{BAE8830E-5F62-48D6-B772-C4B1E8665FB3} = {A4442410-EF9F-43E5-AD76-5D5A6183C805}
		{BF968F20-246B-4F86-BB7B-377FD4B47A9F} = {A4442410-EF9F-43E5-AD76-5D5A6183C805}
		{BD8A80E2-A313-437E-B0EF-FC0B066280A7} = {A4442410-EF9F-43E5-AD76-5D5A6183C805}
		{BDDB4AA4-5D31-43B3-9A3B-BF3030EDE927} = {522A44BD-D0DA-4659-83B8-E9A47990D80D}
		{4A00FD90-FF7B-4250-9CBC-B6855130090B} = {522A44BD-D0DA-4659-83B8-E9A47990D80D}
		{27C9A179-531F-41FB-8257-8396061C751B} = {522A44BD-D0DA-4659-83B8-E9A47990D80D}
		{BECE691C-BAC6-434B-B1F9-4D8653922585} = {522A44BD-D0DA-4659-83B8-E9A47990D80D}
		{BB73D940-CBD2-4F00-B246-2A25CA5ACD7E} = {522A44BD-D0DA-4659-83B8-E9A47990D80D}
		{75BB4C75-DE36-47B3-9910-10EA8E8973B7} = {DAF2D134-A7A2-4647-8B7B-3229688185C6}
		{6FC44240-845D-405A-A7F8-0AC465E30703} = {A4442410-EF9F-43E5-AD76-5D5A6183C805}
		{05569371-855C-4667-8228-20491337C431} = {A4442410-EF9F-43E5-AD76-5D5A6183C805}
		{61A2515E-AC1B-413A-8798-7ABCE6DD8D93} = {878871C4-1FEE-48B5-8756-2A37CBA4E56A}
		{71219BA7-237D-4BC3-9394-92498C9E8515} = {878871C4-1FEE-48B5-8756-2A37CBA4E56A}
		{91450EA7-1575-493F-97F7-4ED3DE001C2A} = {878871C4-1FEE-48B5-8756-2A37CBA4E56A}
		{3B7299A6-E943-4A8B-ABC7-27283B376611} = {878871C4-1FEE-48B5-8756-2A37CBA4E56A}
		{298625BF-9B6A-42F9-84AB-94FE04A21238} = {878871C4-1FEE-48B5-8756-2A37CBA4E56A}
		{40907C7B-E44C-4FF8-98E2-F4357ABAEBC6} = {878871C4-1FEE-48B5-8756-2A37CBA4E56A}
		{B94B117E-1A32-40C6-A93D-FD7012ED8D12} = {878871C4-1FEE-48B5-8756-2A37CBA4E56A}
		{25E1F71B-C9D0-4CCC-84A5-4E66A589A3CA} = {878871C4-1FEE-48B5-8756-2A37CBA4E56A}
	EndGlobalSection
EndGlobal
